
Microsoft Visual Studio Solution File, Format Version 12.00
# Visual Studio Version 16
VisualStudioVersion = 16.0.30615.102
MinimumVisualStudioVersion = 10.0.40219.1
Project("{9A19103F-16F7-4668-BE54-9A1E7A4F7556}") = "Battery", "Battery\Battery.csproj", "{9527CC79-CA37-4E2C-8F82-268DD55B1B36}"
EndProject
Project("{9A19103F-16F7-4668-BE54-9A1E7A4F7556}") = "DivisionControl", "DivisionControl\DivisionControl.csproj", "{9D150349-8D87-4EFF-9FC5-0E3DDA5B106F}"
EndProject
Project("{9A19103F-16F7-4668-BE54-9A1E7A4F7556}") = "Grpc", "Grpc\Grpc.csproj", "{C1659EA3-041E-4AE1-A10A-38B9BCEDFE0C}"
EndProject
Project("{2150E333-8FDC-42A3-9474-1A3956D46DE8}") = "proto", "proto", "{2DF553F1-D68B-4602-B498-7F41A1130735}"
	ProjectSection(SolutionItems) = preProject
		proto\DivisionControlUnit\DivisionControlUnit.proto = proto\DivisionControlUnit\DivisionControlUnit.proto
	EndProjectSection
EndProject
Global
	GlobalSection(SolutionConfigurationPlatforms) = preSolution
		Debug|Any CPU = Debug|Any CPU
		Release|Any CPU = Release|Any CPU
	EndGlobalSection
	GlobalSection(ProjectConfigurationPlatforms) = postSolution
		{9527CC79-CA37-4E2C-8F82-268DD55B1B36}.Debug|Any CPU.ActiveCfg = Debug|Any CPU
		{9527CC79-CA37-4E2C-8F82-268DD55B1B36}.Debug|Any CPU.Build.0 = Debug|Any CPU
		{9527CC79-CA37-4E2C-8F82-268DD55B1B36}.Release|Any CPU.ActiveCfg = Release|Any CPU
		{9527CC79-CA37-4E2C-8F82-268DD55B1B36}.Release|Any CPU.Build.0 = Release|Any CPU
		{9D150349-8D87-4EFF-9FC5-0E3DDA5B106F}.Debug|Any CPU.ActiveCfg = Debug|Any CPU
		{9D150349-8D87-4EFF-9FC5-0E3DDA5B106F}.Debug|Any CPU.Build.0 = Debug|Any CPU
		{9D150349-8D87-4EFF-9FC5-0E3DDA5B106F}.Release|Any CPU.ActiveCfg = Release|Any CPU
		{9D150349-8D87-4EFF-9FC5-0E3DDA5B106F}.Release|Any CPU.Build.0 = Release|Any CPU
		{C1659EA3-041E-4AE1-A10A-38B9BCEDFE0C}.Debug|Any CPU.ActiveCfg = Debug|Any CPU
		{C1659EA3-041E-4AE1-A10A-38B9BCEDFE0C}.Debug|Any CPU.Build.0 = Debug|Any CPU
		{C1659EA3-041E-4AE1-A10A-38B9BCEDFE0C}.Release|Any CPU.ActiveCfg = Release|Any CPU
		{C1659EA3-041E-4AE1-A10A-38B9BCEDFE0C}.Release|Any CPU.Build.0 = Release|Any CPU
	EndGlobalSection
	GlobalSection(SolutionProperties) = preSolution
		HideSolutionNode = FALSE
	EndGlobalSection
	GlobalSection(ExtensibilityGlobals) = postSolution
		SolutionGuid = {FD02623B-9B44-4B47-BA39-F74A51452AD8}
	EndGlobalSection
EndGlobal
